
Microsoft Visual Studio Solution File, Format Version 12.00
# Visual Studio Version 16
VisualStudioVersion = 16.0.30225.117
MinimumVisualStudioVersion = 10.0.40219.1
Project("{FAE04EC0-301F-11D3-BF4B-00C04F79EFBC}") = "Saal-ud", "Saal-ud\Saal-ud.csproj", "{124ACA4B-F249-4F8B-9EB4-7EBE64C68F0C}"
EndProject
Global
	GlobalSection(SolutionConfigurationPlatforms) = preSolution
		Debug|Any CPU = Debug|Any CPU
		Release|Any CPU = Release|Any CPU
	EndGlobalSection
	GlobalSection(ProjectConfigurationPlatforms) = postSolution
		{124ACA4B-F249-4F8B-9EB4-7EBE64C68F0C}.Debug|Any CPU.ActiveCfg = Debug|Any CPU
		{124ACA4B-F249-4F8B-9EB4-7EBE64C68F0C}.Debug|Any CPU.Build.0 = Debug|Any CPU
		{124ACA4B-F249-4F8B-9EB4-7EBE64C68F0C}.Release|Any CPU.ActiveCfg = Release|Any CPU
		{124ACA4B-F249-4F8B-9EB4-7EBE64C68F0C}.Release|Any CPU.Build.0 = Release|Any CPU
	EndGlobalSection
	GlobalSection(SolutionProperties) = preSolution
		HideSolutionNode = FALSE
	EndGlobalSection
	GlobalSection(ExtensibilityGlobals) = postSolution
		SolutionGuid = {E84AED5F-9F73-4803-A491-B9BC7D6FE8A8}
	EndGlobalSection
EndGlobal
